
Microsoft Visual Studio Solution File, Format Version 12.00
# Visual Studio Version 16
VisualStudioVersion = 16.0.30011.22
MinimumVisualStudioVersion = 10.0.40219.1
Project("{FAE04EC0-301F-11D3-BF4B-00C04F79EFBC}") = "mycontacts", "mycontacts\mycontacts.csproj", "{C7453C0A-EBBF-4CD7-9949-F4398CD1F040}"
EndProject
Global
	GlobalSection(SolutionConfigurationPlatforms) = preSolution
		Debug|Any CPU = Debug|Any CPU
		Release|Any CPU = Release|Any CPU
	EndGlobalSection
	GlobalSection(ProjectConfigurationPlatforms) = postSolution
		{C7453C0A-EBBF-4CD7-9949-F4398CD1F040}.Debug|Any CPU.ActiveCfg = Debug|Any CPU
		{C7453C0A-EBBF-4CD7-9949-F4398CD1F040}.Debug|Any CPU.Build.0 = Debug|Any CPU
		{C7453C0A-EBBF-4CD7-9949-F4398CD1F040}.Release|Any CPU.ActiveCfg = Release|Any CPU
		{C7453C0A-EBBF-4CD7-9949-F4398CD1F040}.Release|Any CPU.Build.0 = Release|Any CPU
	EndGlobalSection
	GlobalSection(SolutionProperties) = preSolution
		HideSolutionNode = FALSE
	EndGlobalSection
	GlobalSection(ExtensibilityGlobals) = postSolution
		SolutionGuid = {4829EE20-F527-4CD9-A0D9-C0C8EED1429A}
	EndGlobalSection
EndGlobal
